
Microsoft Visual Studio Solution File, Format Version 12.00
# Visual Studio 14
VisualStudioVersion = 14.0.25123.0
MinimumVisualStudioVersion = 10.0.40219.1
Project("{FAE04EC0-301F-11D3-BF4B-00C04F79EFBC}") = "DesignPatterns.Builder", "DesignPatterns.Builder\DesignPatterns.Builder.csproj", "{8D577F88-F7D3-4D78-A70B-5F325398FA34}"
EndProject
Project("{FAE04EC0-301F-11D3-BF4B-00C04F79EFBC}") = "DesignPatterns.Visitor", "DesignPatterns.Visitor\DesignPatterns.Visitor.csproj", "{F9CA5726-9DB6-4B9B-93B3-751271886530}"
EndProject
Global
	GlobalSection(SolutionConfigurationPlatforms) = preSolution
		Debug|Any CPU = Debug|Any CPU
		Release|Any CPU = Release|Any CPU
	EndGlobalSection
	GlobalSection(ProjectConfigurationPlatforms) = postSolution
		{8D577F88-F7D3-4D78-A70B-5F325398FA34}.Debug|Any CPU.ActiveCfg = Debug|Any CPU
		{8D577F88-F7D3-4D78-A70B-5F325398FA34}.Debug|Any CPU.Build.0 = Debug|Any CPU
		{8D577F88-F7D3-4D78-A70B-5F325398FA34}.Release|Any CPU.ActiveCfg = Release|Any CPU
		{8D577F88-F7D3-4D78-A70B-5F325398FA34}.Release|Any CPU.Build.0 = Release|Any CPU
		{F9CA5726-9DB6-4B9B-93B3-751271886530}.Debug|Any CPU.ActiveCfg = Debug|Any CPU
		{F9CA5726-9DB6-4B9B-93B3-751271886530}.Debug|Any CPU.Build.0 = Debug|Any CPU
		{F9CA5726-9DB6-4B9B-93B3-751271886530}.Release|Any CPU.ActiveCfg = Release|Any CPU
		{F9CA5726-9DB6-4B9B-93B3-751271886530}.Release|Any CPU.Build.0 = Release|Any CPU
	EndGlobalSection
	GlobalSection(SolutionProperties) = preSolution
		HideSolutionNode = FALSE
	EndGlobalSection
EndGlobal
